
Microsoft Visual Studio Solution File, Format Version 12.00
# Visual Studio Version 17
VisualStudioVersion = 17.6.33723.286
MinimumVisualStudioVersion = 10.0.40219.1
Project("{FAE04EC0-301F-11D3-BF4B-00C04F79EFBC}") = "SfDataGrid_Demo", "SfDataGrid_Demo.csproj", "{DA876252-57C7-4ED2-A6DF-D95793E9AC74}"
EndProject
Global
	GlobalSection(SolutionConfigurationPlatforms) = preSolution
		Debug|Any CPU = Debug|Any CPU
		Release|Any CPU = Release|Any CPU
	EndGlobalSection
	GlobalSection(ProjectConfigurationPlatforms) = postSolution
		{DA876252-57C7-4ED2-A6DF-D95793E9AC74}.Debug|Any CPU.ActiveCfg = Debug|Any CPU
		{DA876252-57C7-4ED2-A6DF-D95793E9AC74}.Debug|Any CPU.Build.0 = Debug|Any CPU
		{DA876252-57C7-4ED2-A6DF-D95793E9AC74}.Release|Any CPU.ActiveCfg = Release|Any CPU
		{DA876252-57C7-4ED2-A6DF-D95793E9AC74}.Release|Any CPU.Build.0 = Release|Any CPU
	EndGlobalSection
	GlobalSection(SolutionProperties) = preSolution
		HideSolutionNode = FALSE
	EndGlobalSection
	GlobalSection(ExtensibilityGlobals) = postSolution
		SolutionGuid = {F4D13F08-EA28-4513-BFC1-5ED86F457137}
	EndGlobalSection
EndGlobal
